# THIS IS AN AUTOGENERATED FILE. DO NOT EDIT THIS FILE DIRECTLY.
# yarn lockfile v1


"@types/dotenv@^6.1.1":
  version "6.1.1"
  resolved "https://registry.yarnpkg.com/@types/dotenv/-/dotenv-6.1.1.tgz#f7ce1cc4fe34f0a4373ba99fefa437b0bec54b46"
  integrity sha512-ftQl3DtBvqHl9L16tpqqzA4YzCSXZfi7g8cQceTz5rOlYtk/IZbFjAv3mLOQlNIgOaylCQWQoBdDQHPgEBJPHg==
  dependencies:
    "@types/node" "*"

"@types/node@*":
  version "12.7.3"
  resolved "https://registry.yarnpkg.com/@types/node/-/node-12.7.3.tgz#27b3f40addaf2f580459fdb405222685542f907a"
  integrity sha512-3SiLAIBkDWDg6vFo0+5YJyHPWU9uwu40Qe+v+0MH8wRKYBimHvvAOyk3EzMrD/TrIlLYfXrqDqrg913PynrMJQ==
